
Microsoft Visual Studio Solution File, Format Version 12.00
# Visual Studio Version 16
VisualStudioVersion = 16.0.32413.511
MinimumVisualStudioVersion = 10.0.40219.1
Project("{FAE04EC0-301F-11D3-BF4B-00C04F79EFBC}") = "ConsoleApp3", "ConsoleApp3\ConsoleApp3.csproj", "{DB41CF5A-EEC3-4B1F-A34E-78DE85595A6F}"
EndProject
Global
	GlobalSection(SolutionConfigurationPlatforms) = preSolution
		Debug|Any CPU = Debug|Any CPU
		Release|Any CPU = Release|Any CPU
	EndGlobalSection
	GlobalSection(ProjectConfigurationPlatforms) = postSolution
		{DB41CF5A-EEC3-4B1F-A34E-78DE85595A6F}.Debug|Any CPU.ActiveCfg = Debug|Any CPU
		{DB41CF5A-EEC3-4B1F-A34E-78DE85595A6F}.Debug|Any CPU.Build.0 = Debug|Any CPU
		{DB41CF5A-EEC3-4B1F-A34E-78DE85595A6F}.Release|Any CPU.ActiveCfg = Release|Any CPU
		{DB41CF5A-EEC3-4B1F-A34E-78DE85595A6F}.Release|Any CPU.Build.0 = Release|Any CPU
	EndGlobalSection
	GlobalSection(SolutionProperties) = preSolution
		HideSolutionNode = FALSE
	EndGlobalSection
	GlobalSection(ExtensibilityGlobals) = postSolution
		SolutionGuid = {C2024053-CB84-4ECB-B1B9-6C35CD484EE4}
	EndGlobalSection
EndGlobal
