
Microsoft Visual Studio Solution File, Format Version 12.00
# Visual Studio Version 16
VisualStudioVersion = 16.0.32413.511
MinimumVisualStudioVersion = 10.0.40219.1
Project("{FAE04EC0-301F-11D3-BF4B-00C04F79EFBC}") = "Lab 01", "Lab 01\Lab 01.csproj", "{DDF331ED-C0A1-4781-A537-9B63C8CAB83F}"
EndProject
Global
	GlobalSection(SolutionConfigurationPlatforms) = preSolution
		Debug|Any CPU = Debug|Any CPU
		Release|Any CPU = Release|Any CPU
	EndGlobalSection
	GlobalSection(ProjectConfigurationPlatforms) = postSolution
		{DDF331ED-C0A1-4781-A537-9B63C8CAB83F}.Debug|Any CPU.ActiveCfg = Debug|Any CPU
		{DDF331ED-C0A1-4781-A537-9B63C8CAB83F}.Debug|Any CPU.Build.0 = Debug|Any CPU
		{DDF331ED-C0A1-4781-A537-9B63C8CAB83F}.Release|Any CPU.ActiveCfg = Release|Any CPU
		{DDF331ED-C0A1-4781-A537-9B63C8CAB83F}.Release|Any CPU.Build.0 = Release|Any CPU
	EndGlobalSection
	GlobalSection(SolutionProperties) = preSolution
		HideSolutionNode = FALSE
	EndGlobalSection
	GlobalSection(ExtensibilityGlobals) = postSolution
		SolutionGuid = {1ADA2DAD-37D3-4B8B-B3B1-1FB67FDC1EB9}
	EndGlobalSection
EndGlobal
